
Microsoft Visual Studio Solution File, Format Version 12.00
# Visual Studio Version 17
VisualStudioVersion = 17.4.33205.214
MinimumVisualStudioVersion = 10.0.40219.1
Project("{FAE04EC0-301F-11D3-BF4B-00C04F79EFBC}") = "AutomapperProjectTo", "AutomapperProjectTo\AutomapperProjectTo.csproj", "{19FD1E27-5BA7-4119-94A6-D66667D84FB4}"
EndProject
Global
	GlobalSection(SolutionConfigurationPlatforms) = preSolution
		Debug|Any CPU = Debug|Any CPU
		Release|Any CPU = Release|Any CPU
	EndGlobalSection
	GlobalSection(ProjectConfigurationPlatforms) = postSolution
		{19FD1E27-5BA7-4119-94A6-D66667D84FB4}.Debug|Any CPU.ActiveCfg = Debug|Any CPU
		{19FD1E27-5BA7-4119-94A6-D66667D84FB4}.Debug|Any CPU.Build.0 = Debug|Any CPU
		{19FD1E27-5BA7-4119-94A6-D66667D84FB4}.Release|Any CPU.ActiveCfg = Release|Any CPU
		{19FD1E27-5BA7-4119-94A6-D66667D84FB4}.Release|Any CPU.Build.0 = Release|Any CPU
	EndGlobalSection
	GlobalSection(SolutionProperties) = preSolution
		HideSolutionNode = FALSE
	EndGlobalSection
	GlobalSection(ExtensibilityGlobals) = postSolution
		SolutionGuid = {6314EBE8-6AB8-4967-A775-9100FA48AC2F}
	EndGlobalSection
EndGlobal
